
Microsoft Visual Studio Solution File, Format Version 12.00
# Visual Studio 14
VisualStudioVersion = 14.0.24720.0
MinimumVisualStudioVersion = 10.0.40219.1
Project("{FAE04EC0-301F-11D3-BF4B-00C04F79EFBC}") = "E-Deklaracja WPF", "E-Deklaracja WPF\E-Deklaracja WPF.csproj", "{D0BFDAA8-6B3B-4D73-ACE4-46F53BD59A87}"
EndProject
Project("{D954291E-2A0B-460D-934E-DC6B0785DB48}") = "Shared", "Shared\Shared.shproj", "{EEDA74FC-CA5A-4C06-9654-2600B74E2D1D}"
EndProject
Project("{FAE04EC0-301F-11D3-BF4B-00C04F79EFBC}") = "FirstFloor.ModernUI", "FirstFloor.ModernUI\FirstFloor.ModernUI.csproj", "{9A653A28-FE46-40E8-A14F-48B0E325165D}"
EndProject
Project("{FAE04EC0-301F-11D3-BF4B-00C04F79EFBC}") = "App.Core", "App.Core\App.Core.csproj", "{ADDA6888-E950-4B88-8723-849DD22416DE}"
EndProject
Project("{FAE04EC0-301F-11D3-BF4B-00C04F79EFBC}") = "GPS.EDeklaracje", "GPS.EDeklaracje\GPS.EDeklaracje.csproj", "{34C6B99F-67A0-403C-BF1D-9C63A2FC002E}"
EndProject
Global
	GlobalSection(SharedMSBuildProjectFiles) = preSolution
		Shared\Shared.projitems*{eeda74fc-ca5a-4c06-9654-2600b74e2d1d}*SharedItemsImports = 13
		Shared\Shared.projitems*{9a653a28-fe46-40e8-a14f-48b0e325165d}*SharedItemsImports = 4
	EndGlobalSection
	GlobalSection(SolutionConfigurationPlatforms) = preSolution
		Debug|Any CPU = Debug|Any CPU
		Debug|x64 = Debug|x64
		Debug|x86 = Debug|x86
		DebugBiura|Any CPU = DebugBiura|Any CPU
		DebugBiura|x64 = DebugBiura|x64
		DebugBiura|x86 = DebugBiura|x86
		DebugDobreProgramy|Any CPU = DebugDobreProgramy|Any CPU
		DebugDobreProgramy|x64 = DebugDobreProgramy|x64
		DebugDobreProgramy|x86 = DebugDobreProgramy|x86
		DebugSuperExpress|Any CPU = DebugSuperExpress|Any CPU
		DebugSuperExpress|x64 = DebugSuperExpress|x64
		DebugSuperExpress|x86 = DebugSuperExpress|x86
		DebugTaxCare|Any CPU = DebugTaxCare|Any CPU
		DebugTaxCare|x64 = DebugTaxCare|x64
		DebugTaxCare|x86 = DebugTaxCare|x86
		DemoRelease|Any CPU = DemoRelease|Any CPU
		DemoRelease|x64 = DemoRelease|x64
		DemoRelease|x86 = DemoRelease|x86
		Release x64|Any CPU = Release x64|Any CPU
		Release x64|x64 = Release x64|x64
		Release x64|x86 = Release x64|x86
		Release|Any CPU = Release|Any CPU
		Release|x64 = Release|x64
		Release|x86 = Release|x86
		ReleaseBiura|Any CPU = ReleaseBiura|Any CPU
		ReleaseBiura|x64 = ReleaseBiura|x64
		ReleaseBiura|x86 = ReleaseBiura|x86
		ReleaseDobreProgramy|Any CPU = ReleaseDobreProgramy|Any CPU
		ReleaseDobreProgramy|x64 = ReleaseDobreProgramy|x64
		ReleaseDobreProgramy|x86 = ReleaseDobreProgramy|x86
		ReleaseSuperExpress|Any CPU = ReleaseSuperExpress|Any CPU
		ReleaseSuperExpress|x64 = ReleaseSuperExpress|x64
		ReleaseSuperExpress|x86 = ReleaseSuperExpress|x86
		ReleaseTaxCare|Any CPU = ReleaseTaxCare|Any CPU
		ReleaseTaxCare|x64 = ReleaseTaxCare|x64
		ReleaseTaxCare|x86 = ReleaseTaxCare|x86
	EndGlobalSection
	GlobalSection(ProjectConfigurationPlatforms) = postSolution
		{D0BFDAA8-6B3B-4D73-ACE4-46F53BD59A87}.Debug|Any CPU.ActiveCfg = Debug|Any CPU
		{D0BFDAA8-6B3B-4D73-ACE4-46F53BD59A87}.Debug|Any CPU.Build.0 = Debug|Any CPU
		{D0BFDAA8-6B3B-4D73-ACE4-46F53BD59A87}.Debug|x64.ActiveCfg = Debug|Any CPU
		{D0BFDAA8-6B3B-4D73-ACE4-46F53BD59A87}.Debug|x86.ActiveCfg = Debug|Any CPU
		{D0BFDAA8-6B3B-4D73-ACE4-46F53BD59A87}.DebugBiura|Any CPU.ActiveCfg = Debug|Any CPU
		{D0BFDAA8-6B3B-4D73-ACE4-46F53BD59A87}.DebugBiura|Any CPU.Build.0 = Debug|Any CPU
		{D0BFDAA8-6B3B-4D73-ACE4-46F53BD59A87}.DebugBiura|x64.ActiveCfg = Debug|Any CPU
		{D0BFDAA8-6B3B-4D73-ACE4-46F53BD59A87}.DebugBiura|x86.ActiveCfg = Debug|Any CPU
		{D0BFDAA8-6B3B-4D73-ACE4-46F53BD59A87}.DebugDobreProgramy|Any CPU.ActiveCfg = Debug|Any CPU
		{D0BFDAA8-6B3B-4D73-ACE4-46F53BD59A87}.DebugDobreProgramy|Any CPU.Build.0 = Debug|Any CPU
		{D0BFDAA8-6B3B-4D73-ACE4-46F53BD59A87}.DebugDobreProgramy|x64.ActiveCfg = Debug|Any CPU
		{D0BFDAA8-6B3B-4D73-ACE4-46F53BD59A87}.DebugDobreProgramy|x86.ActiveCfg = Debug|Any CPU
		{D0BFDAA8-6B3B-4D73-ACE4-46F53BD59A87}.DebugSuperExpress|Any CPU.ActiveCfg = Debug|Any CPU
		{D0BFDAA8-6B3B-4D73-ACE4-46F53BD59A87}.DebugSuperExpress|Any CPU.Build.0 = Debug|Any CPU
		{D0BFDAA8-6B3B-4D73-ACE4-46F53BD59A87}.DebugSuperExpress|x64.ActiveCfg = Debug|Any CPU
		{D0BFDAA8-6B3B-4D73-ACE4-46F53BD59A87}.DebugSuperExpress|x86.ActiveCfg = Debug|Any CPU
		{D0BFDAA8-6B3B-4D73-ACE4-46F53BD59A87}.DebugTaxCare|Any CPU.ActiveCfg = Debug|Any CPU
		{D0BFDAA8-6B3B-4D73-ACE4-46F53BD59A87}.DebugTaxCare|Any CPU.Build.0 = Debug|Any CPU
		{D0BFDAA8-6B3B-4D73-ACE4-46F53BD59A87}.DebugTaxCare|x64.ActiveCfg = Debug|Any CPU
		{D0BFDAA8-6B3B-4D73-ACE4-46F53BD59A87}.DebugTaxCare|x86.ActiveCfg = Debug|Any CPU
		{D0BFDAA8-6B3B-4D73-ACE4-46F53BD59A87}.DemoRelease|Any CPU.ActiveCfg = Release|Any CPU
		{D0BFDAA8-6B3B-4D73-ACE4-46F53BD59A87}.DemoRelease|Any CPU.Build.0 = Release|Any CPU
		{D0BFDAA8-6B3B-4D73-ACE4-46F53BD59A87}.DemoRelease|x64.ActiveCfg = Release|Any CPU
		{D0BFDAA8-6B3B-4D73-ACE4-46F53BD59A87}.DemoRelease|x86.ActiveCfg = Release|Any CPU
		{D0BFDAA8-6B3B-4D73-ACE4-46F53BD59A87}.Release x64|Any CPU.ActiveCfg = Release|Any CPU
		{D0BFDAA8-6B3B-4D73-ACE4-46F53BD59A87}.Release x64|Any CPU.Build.0 = Release|Any CPU
		{D0BFDAA8-6B3B-4D73-ACE4-46F53BD59A87}.Release x64|x64.ActiveCfg = Release|Any CPU
		{D0BFDAA8-6B3B-4D73-ACE4-46F53BD59A87}.Release x64|x86.ActiveCfg = Release|Any CPU
		{D0BFDAA8-6B3B-4D73-ACE4-46F53BD59A87}.Release|Any CPU.ActiveCfg = Release|Any CPU
		{D0BFDAA8-6B3B-4D73-ACE4-46F53BD59A87}.Release|Any CPU.Build.0 = Release|Any CPU
		{D0BFDAA8-6B3B-4D73-ACE4-46F53BD59A87}.Release|x64.ActiveCfg = Release|Any CPU
		{D0BFDAA8-6B3B-4D73-ACE4-46F53BD59A87}.Release|x86.ActiveCfg = Release|Any CPU
		{D0BFDAA8-6B3B-4D73-ACE4-46F53BD59A87}.ReleaseBiura|Any CPU.ActiveCfg = Release|Any CPU
		{D0BFDAA8-6B3B-4D73-ACE4-46F53BD59A87}.ReleaseBiura|Any CPU.Build.0 = Release|Any CPU
		{D0BFDAA8-6B3B-4D73-ACE4-46F53BD59A87}.ReleaseBiura|x64.ActiveCfg = Release|Any CPU
		{D0BFDAA8-6B3B-4D73-ACE4-46F53BD59A87}.ReleaseBiura|x86.ActiveCfg = Release|Any CPU
		{D0BFDAA8-6B3B-4D73-ACE4-46F53BD59A87}.ReleaseDobreProgramy|Any CPU.ActiveCfg = Release|Any CPU
		{D0BFDAA8-6B3B-4D73-ACE4-46F53BD59A87}.ReleaseDobreProgramy|Any CPU.Build.0 = Release|Any CPU
		{D0BFDAA8-6B3B-4D73-ACE4-46F53BD59A87}.ReleaseDobreProgramy|x64.ActiveCfg = Release|Any CPU
		{D0BFDAA8-6B3B-4D73-ACE4-46F53BD59A87}.ReleaseDobreProgramy|x86.ActiveCfg = Release|Any CPU
		{D0BFDAA8-6B3B-4D73-ACE4-46F53BD59A87}.ReleaseSuperExpress|Any CPU.ActiveCfg = Release|Any CPU
		{D0BFDAA8-6B3B-4D73-ACE4-46F53BD59A87}.ReleaseSuperExpress|Any CPU.Build.0 = Release|Any CPU
		{D0BFDAA8-6B3B-4D73-ACE4-46F53BD59A87}.ReleaseSuperExpress|x64.ActiveCfg = Release|Any CPU
		{D0BFDAA8-6B3B-4D73-ACE4-46F53BD59A87}.ReleaseSuperExpress|x86.ActiveCfg = Release|Any CPU
		{D0BFDAA8-6B3B-4D73-ACE4-46F53BD59A87}.ReleaseTaxCare|Any CPU.ActiveCfg = Release|Any CPU
		{D0BFDAA8-6B3B-4D73-ACE4-46F53BD59A87}.ReleaseTaxCare|Any CPU.Build.0 = Release|Any CPU
		{D0BFDAA8-6B3B-4D73-ACE4-46F53BD59A87}.ReleaseTaxCare|x64.ActiveCfg = Release|Any CPU
		{D0BFDAA8-6B3B-4D73-ACE4-46F53BD59A87}.ReleaseTaxCare|x86.ActiveCfg = Release|Any CPU
		{9A653A28-FE46-40E8-A14F-48B0E325165D}.Debug|Any CPU.ActiveCfg = Debug|Any CPU
		{9A653A28-FE46-40E8-A14F-48B0E325165D}.Debug|Any CPU.Build.0 = Debug|Any CPU
		{9A653A28-FE46-40E8-A14F-48B0E325165D}.Debug|x64.ActiveCfg = Debug|Any CPU
		{9A653A28-FE46-40E8-A14F-48B0E325165D}.Debug|x86.ActiveCfg = Debug|Any CPU
		{9A653A28-FE46-40E8-A14F-48B0E325165D}.DebugBiura|Any CPU.ActiveCfg = Debug|Any CPU
		{9A653A28-FE46-40E8-A14F-48B0E325165D}.DebugBiura|Any CPU.Build.0 = Debug|Any CPU
		{9A653A28-FE46-40E8-A14F-48B0E325165D}.DebugBiura|x64.ActiveCfg = Debug|Any CPU
		{9A653A28-FE46-40E8-A14F-48B0E325165D}.DebugBiura|x86.ActiveCfg = Debug|Any CPU
		{9A653A28-FE46-40E8-A14F-48B0E325165D}.DebugDobreProgramy|Any CPU.ActiveCfg = Debug|Any CPU
		{9A653A28-FE46-40E8-A14F-48B0E325165D}.DebugDobreProgramy|Any CPU.Build.0 = Debug|Any CPU
		{9A653A28-FE46-40E8-A14F-48B0E325165D}.DebugDobreProgramy|x64.ActiveCfg = Debug|Any CPU
		{9A653A28-FE46-40E8-A14F-48B0E325165D}.DebugDobreProgramy|x86.ActiveCfg = Debug|Any CPU
		{9A653A28-FE46-40E8-A14F-48B0E325165D}.DebugSuperExpress|Any CPU.ActiveCfg = Debug|Any CPU
		{9A653A28-FE46-40E8-A14F-48B0E325165D}.DebugSuperExpress|Any CPU.Build.0 = Debug|Any CPU
		{9A653A28-FE46-40E8-A14F-48B0E325165D}.DebugSuperExpress|x64.ActiveCfg = Debug|Any CPU
		{9A653A28-FE46-40E8-A14F-48B0E325165D}.DebugSuperExpress|x86.ActiveCfg = Debug|Any CPU
		{9A653A28-FE46-40E8-A14F-48B0E325165D}.DebugTaxCare|Any CPU.ActiveCfg = Debug|Any CPU
		{9A653A28-FE46-40E8-A14F-48B0E325165D}.DebugTaxCare|Any CPU.Build.0 = Debug|Any CPU
		{9A653A28-FE46-40E8-A14F-48B0E325165D}.DebugTaxCare|x64.ActiveCfg = Debug|Any CPU
		{9A653A28-FE46-40E8-A14F-48B0E325165D}.DebugTaxCare|x86.ActiveCfg = Debug|Any CPU
		{9A653A28-FE46-40E8-A14F-48B0E325165D}.DemoRelease|Any CPU.ActiveCfg = Release|Any CPU
		{9A653A28-FE46-40E8-A14F-48B0E325165D}.DemoRelease|Any CPU.Build.0 = Release|Any CPU
		{9A653A28-FE46-40E8-A14F-48B0E325165D}.DemoRelease|x64.ActiveCfg = Release|Any CPU
		{9A653A28-FE46-40E8-A14F-48B0E325165D}.DemoRelease|x86.ActiveCfg = Release|Any CPU
		{9A653A28-FE46-40E8-A14F-48B0E325165D}.Release x64|Any CPU.ActiveCfg = Release|Any CPU
		{9A653A28-FE46-40E8-A14F-48B0E325165D}.Release x64|Any CPU.Build.0 = Release|Any CPU
		{9A653A28-FE46-40E8-A14F-48B0E325165D}.Release x64|x64.ActiveCfg = Release|Any CPU
		{9A653A28-FE46-40E8-A14F-48B0E325165D}.Release x64|x86.ActiveCfg = Release|Any CPU
		{9A653A28-FE46-40E8-A14F-48B0E325165D}.Release|Any CPU.ActiveCfg = Release|Any CPU
		{9A653A28-FE46-40E8-A14F-48B0E325165D}.Release|Any CPU.Build.0 = Release|Any CPU
		{9A653A28-FE46-40E8-A14F-48B0E325165D}.Release|x64.ActiveCfg = Release|Any CPU
		{9A653A28-FE46-40E8-A14F-48B0E325165D}.Release|x86.ActiveCfg = Release|Any CPU
		{9A653A28-FE46-40E8-A14F-48B0E325165D}.ReleaseBiura|Any CPU.ActiveCfg = Release|Any CPU
		{9A653A28-FE46-40E8-A14F-48B0E325165D}.ReleaseBiura|Any CPU.Build.0 = Release|Any CPU
		{9A653A28-FE46-40E8-A14F-48B0E325165D}.ReleaseBiura|x64.ActiveCfg = Release|Any CPU
		{9A653A28-FE46-40E8-A14F-48B0E325165D}.ReleaseBiura|x86.ActiveCfg = Release|Any CPU
		{9A653A28-FE46-40E8-A14F-48B0E325165D}.ReleaseDobreProgramy|Any CPU.ActiveCfg = Release|Any CPU
		{9A653A28-FE46-40E8-A14F-48B0E325165D}.ReleaseDobreProgramy|Any CPU.Build.0 = Release|Any CPU
		{9A653A28-FE46-40E8-A14F-48B0E325165D}.ReleaseDobreProgramy|x64.ActiveCfg = Release|Any CPU
		{9A653A28-FE46-40E8-A14F-48B0E325165D}.ReleaseDobreProgramy|x86.ActiveCfg = Release|Any CPU
		{9A653A28-FE46-40E8-A14F-48B0E325165D}.ReleaseSuperExpress|Any CPU.ActiveCfg = Release|Any CPU
		{9A653A28-FE46-40E8-A14F-48B0E325165D}.ReleaseSuperExpress|Any CPU.Build.0 = Release|Any CPU
		{9A653A28-FE46-40E8-A14F-48B0E325165D}.ReleaseSuperExpress|x64.ActiveCfg = Release|Any CPU
		{9A653A28-FE46-40E8-A14F-48B0E325165D}.ReleaseSuperExpress|x86.ActiveCfg = Release|Any CPU
		{9A653A28-FE46-40E8-A14F-48B0E325165D}.ReleaseTaxCare|Any CPU.ActiveCfg = Release|Any CPU
		{9A653A28-FE46-40E8-A14F-48B0E325165D}.ReleaseTaxCare|Any CPU.Build.0 = Release|Any CPU
		{9A653A28-FE46-40E8-A14F-48B0E325165D}.ReleaseTaxCare|x64.ActiveCfg = Release|Any CPU
		{9A653A28-FE46-40E8-A14F-48B0E325165D}.ReleaseTaxCare|x86.ActiveCfg = Release|Any CPU
		{ADDA6888-E950-4B88-8723-849DD22416DE}.Debug|Any CPU.ActiveCfg = Debug|Any CPU
		{ADDA6888-E950-4B88-8723-849DD22416DE}.Debug|Any CPU.Build.0 = Debug|Any CPU
		{ADDA6888-E950-4B88-8723-849DD22416DE}.Debug|x64.ActiveCfg = Debug|Any CPU
		{ADDA6888-E950-4B88-8723-849DD22416DE}.Debug|x86.ActiveCfg = Debug|Any CPU
		{ADDA6888-E950-4B88-8723-849DD22416DE}.DebugBiura|Any CPU.ActiveCfg = Debug|Any CPU
		{ADDA6888-E950-4B88-8723-849DD22416DE}.DebugBiura|Any CPU.Build.0 = Debug|Any CPU
		{ADDA6888-E950-4B88-8723-849DD22416DE}.DebugBiura|x64.ActiveCfg = Debug|Any CPU
		{ADDA6888-E950-4B88-8723-849DD22416DE}.DebugBiura|x86.ActiveCfg = Debug|Any CPU
		{ADDA6888-E950-4B88-8723-849DD22416DE}.DebugDobreProgramy|Any CPU.ActiveCfg = Debug|Any CPU
		{ADDA6888-E950-4B88-8723-849DD22416DE}.DebugDobreProgramy|Any CPU.Build.0 = Debug|Any CPU
		{ADDA6888-E950-4B88-8723-849DD22416DE}.DebugDobreProgramy|x64.ActiveCfg = Debug|Any CPU
		{ADDA6888-E950-4B88-8723-849DD22416DE}.DebugDobreProgramy|x86.ActiveCfg = Debug|Any CPU
		{ADDA6888-E950-4B88-8723-849DD22416DE}.DebugSuperExpress|Any CPU.ActiveCfg = Debug|Any CPU
		{ADDA6888-E950-4B88-8723-849DD22416DE}.DebugSuperExpress|Any CPU.Build.0 = Debug|Any CPU
		{ADDA6888-E950-4B88-8723-849DD22416DE}.DebugSuperExpress|x64.ActiveCfg = Debug|Any CPU
		{ADDA6888-E950-4B88-8723-849DD22416DE}.DebugSuperExpress|x86.ActiveCfg = Debug|Any CPU
		{ADDA6888-E950-4B88-8723-849DD22416DE}.DebugTaxCare|Any CPU.ActiveCfg = Debug|Any CPU
		{ADDA6888-E950-4B88-8723-849DD22416DE}.DebugTaxCare|Any CPU.Build.0 = Debug|Any CPU
		{ADDA6888-E950-4B88-8723-849DD22416DE}.DebugTaxCare|x64.ActiveCfg = Debug|Any CPU
		{ADDA6888-E950-4B88-8723-849DD22416DE}.DebugTaxCare|x86.ActiveCfg = Debug|Any CPU
		{ADDA6888-E950-4B88-8723-849DD22416DE}.DemoRelease|Any CPU.ActiveCfg = Release|Any CPU
		{ADDA6888-E950-4B88-8723-849DD22416DE}.DemoRelease|Any CPU.Build.0 = Release|Any CPU
		{ADDA6888-E950-4B88-8723-849DD22416DE}.DemoRelease|x64.ActiveCfg = Release|Any CPU
		{ADDA6888-E950-4B88-8723-849DD22416DE}.DemoRelease|x86.ActiveCfg = Release|Any CPU
		{ADDA6888-E950-4B88-8723-849DD22416DE}.Release x64|Any CPU.ActiveCfg = Release|Any CPU
		{ADDA6888-E950-4B88-8723-849DD22416DE}.Release x64|Any CPU.Build.0 = Release|Any CPU
		{ADDA6888-E950-4B88-8723-849DD22416DE}.Release x64|x64.ActiveCfg = Release|Any CPU
		{ADDA6888-E950-4B88-8723-849DD22416DE}.Release x64|x86.ActiveCfg = Release|Any CPU
		{ADDA6888-E950-4B88-8723-849DD22416DE}.Release|Any CPU.ActiveCfg = Release|Any CPU
		{ADDA6888-E950-4B88-8723-849DD22416DE}.Release|Any CPU.Build.0 = Release|Any CPU
		{ADDA6888-E950-4B88-8723-849DD22416DE}.Release|x64.ActiveCfg = Release|Any CPU
		{ADDA6888-E950-4B88-8723-849DD22416DE}.Release|x86.ActiveCfg = Release|Any CPU
		{ADDA6888-E950-4B88-8723-849DD22416DE}.ReleaseBiura|Any CPU.ActiveCfg = Release|Any CPU
		{ADDA6888-E950-4B88-8723-849DD22416DE}.ReleaseBiura|Any CPU.Build.0 = Release|Any CPU
		{ADDA6888-E950-4B88-8723-849DD22416DE}.ReleaseBiura|x64.ActiveCfg = Release|Any CPU
		{ADDA6888-E950-4B88-8723-849DD22416DE}.ReleaseBiura|x86.ActiveCfg = Release|Any CPU
		{ADDA6888-E950-4B88-8723-849DD22416DE}.ReleaseDobreProgramy|Any CPU.ActiveCfg = Release|Any CPU
		{ADDA6888-E950-4B88-8723-849DD22416DE}.ReleaseDobreProgramy|Any CPU.Build.0 = Release|Any CPU
		{ADDA6888-E950-4B88-8723-849DD22416DE}.ReleaseDobreProgramy|x64.ActiveCfg = Release|Any CPU
		{ADDA6888-E950-4B88-8723-849DD22416DE}.ReleaseDobreProgramy|x86.ActiveCfg = Release|Any CPU
		{ADDA6888-E950-4B88-8723-849DD22416DE}.ReleaseSuperExpress|Any CPU.ActiveCfg = Release|Any CPU
		{ADDA6888-E950-4B88-8723-849DD22416DE}.ReleaseSuperExpress|Any CPU.Build.0 = Release|Any CPU
		{ADDA6888-E950-4B88-8723-849DD22416DE}.ReleaseSuperExpress|x64.ActiveCfg = Release|Any CPU
		{ADDA6888-E950-4B88-8723-849DD22416DE}.ReleaseSuperExpress|x86.ActiveCfg = Release|Any CPU
		{ADDA6888-E950-4B88-8723-849DD22416DE}.ReleaseTaxCare|Any CPU.ActiveCfg = Release|Any CPU
		{ADDA6888-E950-4B88-8723-849DD22416DE}.ReleaseTaxCare|Any CPU.Build.0 = Release|Any CPU
		{ADDA6888-E950-4B88-8723-849DD22416DE}.ReleaseTaxCare|x64.ActiveCfg = Release|Any CPU
		{ADDA6888-E950-4B88-8723-849DD22416DE}.ReleaseTaxCare|x86.ActiveCfg = Release|Any CPU
		{34C6B99F-67A0-403C-BF1D-9C63A2FC002E}.Debug|Any CPU.ActiveCfg = Debug|Any CPU
		{34C6B99F-67A0-403C-BF1D-9C63A2FC002E}.Debug|Any CPU.Build.0 = Debug|Any CPU
		{34C6B99F-67A0-403C-BF1D-9C63A2FC002E}.Debug|x64.ActiveCfg = Debug|x64
		{34C6B99F-67A0-403C-BF1D-9C63A2FC002E}.Debug|x64.Build.0 = Debug|x64
		{34C6B99F-67A0-403C-BF1D-9C63A2FC002E}.Debug|x86.ActiveCfg = Debug|x86
		{34C6B99F-67A0-403C-BF1D-9C63A2FC002E}.Debug|x86.Build.0 = Debug|x86
		{34C6B99F-67A0-403C-BF1D-9C63A2FC002E}.DebugBiura|Any CPU.ActiveCfg = DebugBiura|Any CPU
		{34C6B99F-67A0-403C-BF1D-9C63A2FC002E}.DebugBiura|Any CPU.Build.0 = DebugBiura|Any CPU
		{34C6B99F-67A0-403C-BF1D-9C63A2FC002E}.DebugBiura|x64.ActiveCfg = DebugBiura|x64
		{34C6B99F-67A0-403C-BF1D-9C63A2FC002E}.DebugBiura|x64.Build.0 = DebugBiura|x64
		{34C6B99F-67A0-403C-BF1D-9C63A2FC002E}.DebugBiura|x86.ActiveCfg = DebugBiura|x86
		{34C6B99F-67A0-403C-BF1D-9C63A2FC002E}.DebugBiura|x86.Build.0 = DebugBiura|x86
		{34C6B99F-67A0-403C-BF1D-9C63A2FC002E}.DebugDobreProgramy|Any CPU.ActiveCfg = DebugDobreProgramy|Any CPU
		{34C6B99F-67A0-403C-BF1D-9C63A2FC002E}.DebugDobreProgramy|Any CPU.Build.0 = DebugDobreProgramy|Any CPU
		{34C6B99F-67A0-403C-BF1D-9C63A2FC002E}.DebugDobreProgramy|x64.ActiveCfg = DebugDobreProgramy|x64
		{34C6B99F-67A0-403C-BF1D-9C63A2FC002E}.DebugDobreProgramy|x64.Build.0 = DebugDobreProgramy|x64
		{34C6B99F-67A0-403C-BF1D-9C63A2FC002E}.DebugDobreProgramy|x86.ActiveCfg = DebugDobreProgramy|x86
		{34C6B99F-67A0-403C-BF1D-9C63A2FC002E}.DebugDobreProgramy|x86.Build.0 = DebugDobreProgramy|x86
		{34C6B99F-67A0-403C-BF1D-9C63A2FC002E}.DebugSuperExpress|Any CPU.ActiveCfg = DebugSuperExpress|Any CPU
		{34C6B99F-67A0-403C-BF1D-9C63A2FC002E}.DebugSuperExpress|Any CPU.Build.0 = DebugSuperExpress|Any CPU
		{34C6B99F-67A0-403C-BF1D-9C63A2FC002E}.DebugSuperExpress|x64.ActiveCfg = DebugSuperExpress|x64
		{34C6B99F-67A0-403C-BF1D-9C63A2FC002E}.DebugSuperExpress|x64.Build.0 = DebugSuperExpress|x64
		{34C6B99F-67A0-403C-BF1D-9C63A2FC002E}.DebugSuperExpress|x86.ActiveCfg = DebugSuperExpress|x86
		{34C6B99F-67A0-403C-BF1D-9C63A2FC002E}.DebugSuperExpress|x86.Build.0 = DebugSuperExpress|x86
		{34C6B99F-67A0-403C-BF1D-9C63A2FC002E}.DebugTaxCare|Any CPU.ActiveCfg = DebugTaxCare|Any CPU
		{34C6B99F-67A0-403C-BF1D-9C63A2FC002E}.DebugTaxCare|Any CPU.Build.0 = DebugTaxCare|Any CPU
		{34C6B99F-67A0-403C-BF1D-9C63A2FC002E}.DebugTaxCare|x64.ActiveCfg = DebugTaxCare|x64
		{34C6B99F-67A0-403C-BF1D-9C63A2FC002E}.DebugTaxCare|x64.Build.0 = DebugTaxCare|x64
		{34C6B99F-67A0-403C-BF1D-9C63A2FC002E}.DebugTaxCare|x86.ActiveCfg = DebugTaxCare|x86
		{34C6B99F-67A0-403C-BF1D-9C63A2FC002E}.DebugTaxCare|x86.Build.0 = DebugTaxCare|x86
		{34C6B99F-67A0-403C-BF1D-9C63A2FC002E}.DemoRelease|Any CPU.ActiveCfg = DemoRelease|Any CPU
		{34C6B99F-67A0-403C-BF1D-9C63A2FC002E}.DemoRelease|Any CPU.Build.0 = DemoRelease|Any CPU
		{34C6B99F-67A0-403C-BF1D-9C63A2FC002E}.DemoRelease|x64.ActiveCfg = DemoRelease|x64
		{34C6B99F-67A0-403C-BF1D-9C63A2FC002E}.DemoRelease|x64.Build.0 = DemoRelease|x64
		{34C6B99F-67A0-403C-BF1D-9C63A2FC002E}.DemoRelease|x86.ActiveCfg = DemoRelease|x86
		{34C6B99F-67A0-403C-BF1D-9C63A2FC002E}.DemoRelease|x86.Build.0 = DemoRelease|x86
		{34C6B99F-67A0-403C-BF1D-9C63A2FC002E}.Release x64|Any CPU.ActiveCfg = Release x64|Any CPU
		{34C6B99F-67A0-403C-BF1D-9C63A2FC002E}.Release x64|Any CPU.Build.0 = Release x64|Any CPU
		{34C6B99F-67A0-403C-BF1D-9C63A2FC002E}.Release x64|x64.ActiveCfg = Release x64|x64
		{34C6B99F-67A0-403C-BF1D-9C63A2FC002E}.Release x64|x64.Build.0 = Release x64|x64
		{34C6B99F-67A0-403C-BF1D-9C63A2FC002E}.Release x64|x86.ActiveCfg = Release x64|x86
		{34C6B99F-67A0-403C-BF1D-9C63A2FC002E}.Release x64|x86.Build.0 = Release x64|x86
		{34C6B99F-67A0-403C-BF1D-9C63A2FC002E}.Release|Any CPU.ActiveCfg = Release|Any CPU
		{34C6B99F-67A0-403C-BF1D-9C63A2FC002E}.Release|Any CPU.Build.0 = Release|Any CPU
		{34C6B99F-67A0-403C-BF1D-9C63A2FC002E}.Release|x64.ActiveCfg = Release|x64
		{34C6B99F-67A0-403C-BF1D-9C63A2FC002E}.Release|x64.Build.0 = Release|x64
		{34C6B99F-67A0-403C-BF1D-9C63A2FC002E}.Release|x86.ActiveCfg = Release|x86
		{34C6B99F-67A0-403C-BF1D-9C63A2FC002E}.Release|x86.Build.0 = Release|x86
		{34C6B99F-67A0-403C-BF1D-9C63A2FC002E}.ReleaseBiura|Any CPU.ActiveCfg = ReleaseBiura|Any CPU
		{34C6B99F-67A0-403C-BF1D-9C63A2FC002E}.ReleaseBiura|Any CPU.Build.0 = ReleaseBiura|Any CPU
		{34C6B99F-67A0-403C-BF1D-9C63A2FC002E}.ReleaseBiura|x64.ActiveCfg = ReleaseBiura|x64
		{34C6B99F-67A0-403C-BF1D-9C63A2FC002E}.ReleaseBiura|x64.Build.0 = ReleaseBiura|x64
		{34C6B99F-67A0-403C-BF1D-9C63A2FC002E}.ReleaseBiura|x86.ActiveCfg = ReleaseBiura|x86
		{34C6B99F-67A0-403C-BF1D-9C63A2FC002E}.ReleaseBiura|x86.Build.0 = ReleaseBiura|x86
		{34C6B99F-67A0-403C-BF1D-9C63A2FC002E}.ReleaseDobreProgramy|Any CPU.ActiveCfg = ReleaseDobreProgramy|Any CPU
		{34C6B99F-67A0-403C-BF1D-9C63A2FC002E}.ReleaseDobreProgramy|Any CPU.Build.0 = ReleaseDobreProgramy|Any CPU
		{34C6B99F-67A0-403C-BF1D-9C63A2FC002E}.ReleaseDobreProgramy|x64.ActiveCfg = ReleaseDobreProgramy|x64
		{34C6B99F-67A0-403C-BF1D-9C63A2FC002E}.ReleaseDobreProgramy|x64.Build.0 = ReleaseDobreProgramy|x64
		{34C6B99F-67A0-403C-BF1D-9C63A2FC002E}.ReleaseDobreProgramy|x86.ActiveCfg = ReleaseDobreProgramy|x86
		{34C6B99F-67A0-403C-BF1D-9C63A2FC002E}.ReleaseDobreProgramy|x86.Build.0 = ReleaseDobreProgramy|x86
		{34C6B99F-67A0-403C-BF1D-9C63A2FC002E}.ReleaseSuperExpress|Any CPU.ActiveCfg = ReleaseSuperExpress|Any CPU
		{34C6B99F-67A0-403C-BF1D-9C63A2FC002E}.ReleaseSuperExpress|Any CPU.Build.0 = ReleaseSuperExpress|Any CPU
		{34C6B99F-67A0-403C-BF1D-9C63A2FC002E}.ReleaseSuperExpress|x64.ActiveCfg = ReleaseSuperExpress|x64
		{34C6B99F-67A0-403C-BF1D-9C63A2FC002E}.ReleaseSuperExpress|x64.Build.0 = ReleaseSuperExpress|x64
		{34C6B99F-67A0-403C-BF1D-9C63A2FC002E}.ReleaseSuperExpress|x86.ActiveCfg = ReleaseSuperExpress|x86
		{34C6B99F-67A0-403C-BF1D-9C63A2FC002E}.ReleaseSuperExpress|x86.Build.0 = ReleaseSuperExpress|x86
		{34C6B99F-67A0-403C-BF1D-9C63A2FC002E}.ReleaseTaxCare|Any CPU.ActiveCfg = ReleaseTaxCare|Any CPU
		{34C6B99F-67A0-403C-BF1D-9C63A2FC002E}.ReleaseTaxCare|Any CPU.Build.0 = ReleaseTaxCare|Any CPU
		{34C6B99F-67A0-403C-BF1D-9C63A2FC002E}.ReleaseTaxCare|x64.ActiveCfg = ReleaseTaxCare|x64
		{34C6B99F-67A0-403C-BF1D-9C63A2FC002E}.ReleaseTaxCare|x64.Build.0 = ReleaseTaxCare|x64
		{34C6B99F-67A0-403C-BF1D-9C63A2FC002E}.ReleaseTaxCare|x86.ActiveCfg = ReleaseTaxCare|x86
		{34C6B99F-67A0-403C-BF1D-9C63A2FC002E}.ReleaseTaxCare|x86.Build.0 = ReleaseTaxCare|x86
	EndGlobalSection
	GlobalSection(SolutionProperties) = preSolution
		HideSolutionNode = FALSE
	EndGlobalSection
EndGlobal
